{
    "_readme": [
        "This file locks the dependencies of your project to a known state",
        "Read more about it at https://getcomposer.org/doc/01-basic-usage.md#installing-dependencies",
        "This file is @generated automatically"
    ],
    "content-hash": "205d74d1ed97080b67d660b0bbfc93fe",
    "packages": [
        {
            "name": "skyverge/wc-jilt-promotions",
            "version": "1.0.1",
            "source": {
                "type": "git",
                "url": "git@github.com:skyverge/wc-jilt-promotions.git",
                "reference": "e9c8fdede446e33d6b4469d2c25d3d6817489b0b"
            },
            "dist": {
                "type": "zip",
                "url": "https://api.github.com/repos/skyverge/wc-jilt-promotions/zipball/e9c8fdede446e33d6b4469d2c25d3d6817489b0b",
                "reference": "e9c8fdede446e33d6b4469d2c25d3d6817489b0b",
                "shasum": ""
            },
            "type": "library",
            "description": "Callouts to promote Jilt in WooCommerce",
            "support": {
                "source": "https://github.com/skyverge/wc-jilt-promotions/tree/1.0.1",
                "issues": "https://github.com/skyverge/wc-jilt-promotions/issues"
            },
            "time": "2020-05-04T23:03:09+00:00"
        }
    ],
    "packages-dev": [],
    "aliases": [],
    "minimum-stability": "stable",
    "stability-flags": [],
    "prefer-stable": false,
    "prefer-lowest": false,
    "platform": [],
    "platform-dev": []
}
